// !$*UTF8*$!
{
	archiveVersion = 1;
	classes = {
	};
	objectVersion = 55;
	objects = {

/* Begin PBXBuildFile section */
		240B67F32807668F00837DE4 /* homeScreen.swift in Sources */ = {isa = PBXBuildFile; fileRef = 240B67F22807668F00837DE4 /* homeScreen.swift */; };
		240B67F528076A6A00837DE4 /* moodRecord.swift in Sources */ = {isa = PBXBuildFile; fileRef = 240B67F428076A6A00837DE4 /* moodRecord.swift */; };
		240B67F728076A8600837DE4 /* inputMoodView.swift in Sources */ = {isa = PBXBuildFile; fileRef = 240B67F628076A8600837DE4 /* inputMoodView.swift */; };
		240B67F928076AAD00837DE4 /* moodLogView.swift in Sources */ = {isa = PBXBuildFile; fileRef = 240B67F828076AAD00837DE4 /* moodLogView.swift */; };
		240B67FB28076AC600837DE4 /* settingsView.swift in Sources */ = {isa = PBXBuildFile; fileRef = 240B67FA28076AC600837DE4 /* settingsView.swift */; };
		241E595D27F7D07D003F87D5 /* moodtrackerApp.swift in Sources */ = {isa = PBXBuildFile; fileRef = 241E595C27F7D07D003F87D5 /* moodtrackerApp.swift */; };
		241E595F27F7D07D003F87D5 /* ContentView.swift in Sources */ = {isa = PBXBuildFile; fileRef = 241E595E27F7D07D003F87D5 /* ContentView.swift */; };
		241E596127F7D089003F87D5 /* Assets.xcassets in Resources */ = {isa = PBXBuildFile; fileRef = 241E596027F7D089003F87D5 /* Assets.xcassets */; };
		241E596427F7D089003F87D5 /* Preview Assets.xcassets in Resources */ = {isa = PBXBuildFile; fileRef = 241E596327F7D089003F87D5 /* Preview Assets.xcassets */; };
		241E596E27F7D089003F87D5 /* moodtrackerTests.swift in Sources */ = {isa = PBXBuildFile; fileRef = 241E596D27F7D089003F87D5 /* moodtrackerTests.swift */; };
		241E597827F7D089003F87D5 /* moodtrackerUITests.swift in Sources */ = {isa = PBXBuildFile; fileRef = 241E597727F7D089003F87D5 /* moodtrackerUITests.swift */; };
		241E597A27F7D089003F87D5 /* moodtrackerUITestsLaunchTests.swift in Sources */ = {isa = PBXBuildFile; fileRef = 241E597927F7D089003F87D5 /* moodtrackerUITestsLaunchTests.swift */; };
		5169241A281F3E6600A68FB8 /* two.swift in Sources */ = {isa = PBXBuildFile; fileRef = 51692419281F3E6600A68FB8 /* two.swift */; };
		5169241C281F3E7400A68FB8 /* five.swift in Sources */ = {isa = PBXBuildFile; fileRef = 5169241B281F3E7400A68FB8 /* five.swift */; };
		9081D54C2817483C0097B441 /* middle.swift in Sources */ = {isa = PBXBuildFile; fileRef = 9081D54B2817483C0097B441 /* middle.swift */; };
		9081D54E28174E260097B441 /* four.swift in Sources */ = {isa = PBXBuildFile; fileRef = 9081D54D28174E260097B441 /* four.swift */; };
		9081D55228178B0D0097B441 /* one.swift in Sources */ = {isa = PBXBuildFile; fileRef = 9081D55128178B0D0097B441 /* one.swift */; };
/* End PBXBuildFile section */

/* Begin PBXContainerItemProxy section */
		241E596A27F7D089003F87D5 /* PBXContainerItemProxy */ = {
			isa = PBXContainerItemProxy;
			containerPortal = 241E595127F7D07D003F87D5 /* Project object */;
			proxyType = 1;
			remoteGlobalIDString = 241E595827F7D07D003F87D5;
			remoteInfo = moodtracker;
		};
		241E597427F7D089003F87D5 /* PBXContainerItemProxy */ = {
			isa = PBXContainerItemProxy;
			containerPortal = 241E595127F7D07D003F87D5 /* Project object */;
			proxyType = 1;
			remoteGlobalIDString = 241E595827F7D07D003F87D5;
			remoteInfo = moodtracker;
		};
/* End PBXContainerItemProxy section */

/* Begin PBXFileReference section */
		240B67F22807668F00837DE4 /* homeScreen.swift */ = {isa = PBXFileReference; lastKnownFileType = sourcecode.swift; path = homeScreen.swift; sourceTree = "<group>"; };
		240B67F428076A6A00837DE4 /* moodRecord.swift */ = {isa = PBXFileReference; lastKnownFileType = sourcecode.swift; path = moodRecord.swift; sourceTree = "<group>"; };
		240B67F628076A8600837DE4 /* inputMoodView.swift */ = {isa = PBXFileReference; lastKnownFileType = sourcecode.swift; path = inputMoodView.swift; sourceTree = "<group>"; };
		240B67F828076AAD00837DE4 /* moodLogView.swift */ = {isa = PBXFileReference; lastKnownFileType = sourcecode.swift; path = moodLogView.swift; sourceTree = "<group>"; };
		240B67FA28076AC600837DE4 /* settingsView.swift */ = {isa = PBXFileReference; lastKnownFileType = sourcecode.swift; path = settingsView.swift; sourceTree = "<group>"; };
		241E595927F7D07D003F87D5 /* moodtracker.app */ = {isa = PBXFileReference; explicitFileType = wrapper.application; includeInIndex = 0; path = moodtracker.app; sourceTree = BUILT_PRODUCTS_DIR; };
		241E595C27F7D07D003F87D5 /* moodtrackerApp.swift */ = {isa = PBXFileReference; lastKnownFileType = sourcecode.swift; path = moodtrackerApp.swift; sourceTree = "<group>"; };
		241E595E27F7D07D003F87D5 /* ContentView.swift */ = {isa = PBXFileReference; lastKnownFileType = sourcecode.swift; path = ContentView.swift; sourceTree = "<group>"; };
		241E596027F7D089003F87D5 /* Assets.xcassets */ = {isa = PBXFileReference; lastKnownFileType = folder.assetcatalog; path = Assets.xcassets; sourceTree = "<group>"; };
		241E596327F7D089003F87D5 /* Preview Assets.xcassets */ = {isa = PBXFileReference; lastKnownFileType = folder.assetcatalog; path = "Preview Assets.xcassets"; sourceTree = "<group>"; };
		241E596927F7D089003F87D5 /* moodtrackerTests.xctest */ = {isa = PBXFileReference; explicitFileType = wrapper.cfbundle; includeInIndex = 0; path = moodtrackerTests.xctest; sourceTree = BUILT_PRODUCTS_DIR; };
		241E596D27F7D089003F87D5 /* moodtrackerTests.swift */ = {isa = PBXFileReference; lastKnownFileType = sourcecode.swift; path = moodtrackerTests.swift; sourceTree = "<group>"; };
		241E597327F7D089003F87D5 /* moodtrackerUITests.xctest */ = {isa = PBXFileReference; explicitFileType = wrapper.cfbundle; includeInIndex = 0; path = moodtrackerUITests.xctest; sourceTree = BUILT_PRODUCTS_DIR; };
		241E597727F7D089003F87D5 /* moodtrackerUITests.swift */ = {isa = PBXFileReference; lastKnownFileType = sourcecode.swift; path = moodtrackerUITests.swift; sourceTree = "<group>"; };
		241E597927F7D089003F87D5 /* moodtrackerUITestsLaunchTests.swift */ = {isa = PBXFileReference; lastKnownFileType = sourcecode.swift; path = moodtrackerUITestsLaunchTests.swift; sourceTree = "<group>"; };
		51692419281F3E6600A68FB8 /* two.swift */ = {isa = PBXFileReference; lastKnownFileType = sourcecode.swift; path = two.swift; sourceTree = "<group>"; };
		5169241B281F3E7400A68FB8 /* five.swift */ = {isa = PBXFileReference; lastKnownFileType = sourcecode.swift; path = five.swift; sourceTree = "<group>"; };
		9081D54B2817483C0097B441 /* middle.swift */ = {isa = PBXFileReference; lastKnownFileType = sourcecode.swift; path = middle.swift; sourceTree = "<group>"; };
		9081D54D28174E260097B441 /* four.swift */ = {isa = PBXFileReference; lastKnownFileType = sourcecode.swift; path = four.swift; sourceTree = "<group>"; };
		9081D55128178B0D0097B441 /* one.swift */ = {isa = PBXFileReference; lastKnownFileType = sourcecode.swift; path = one.swift; sourceTree = "<group>"; };
/* End PBXFileReference section */

/* Begin PBXFrameworksBuildPhase section */
		241E595627F7D07D003F87D5 /* Frameworks */ = {
			isa = PBXFrameworksBuildPhase;
			buildActionMask = 2147483647;
			files = (
			);
			runOnlyForDeploymentPostprocessing = 0;
		};
		241E596627F7D089003F87D5 /* Frameworks */ = {
			isa = PBXFrameworksBuildPhase;
			buildActionMask = 2147483647;
			files = (
			);
			runOnlyForDeploymentPostprocessing = 0;
		};
		241E597027F7D089003F87D5 /* Frameworks */ = {
			isa = PBXFrameworksBuildPhase;
			buildActionMask = 2147483647;
			files = (
			);
			runOnlyForDeploymentPostprocessing = 0;
		};
/* End PBXFrameworksBuildPhase section */

/* Begin PBXGroup section */
		241E595027F7D07D003F87D5 = {
			isa = PBXGroup;
			children = (
				241E595B27F7D07D003F87D5 /* moodtracker */,
				241E596C27F7D089003F87D5 /* moodtrackerTests */,
				241E597627F7D089003F87D5 /* moodtrackerUITests */,
				241E595A27F7D07D003F87D5 /* Products */,
			);
			sourceTree = "<group>";
		};
		241E595A27F7D07D003F87D5 /* Products */ = {
			isa = PBXGroup;
			children = (
				241E595927F7D07D003F87D5 /* moodtracker.app */,
				241E596927F7D089003F87D5 /* moodtrackerTests.xctest */,
				241E597327F7D089003F87D5 /* moodtrackerUITests.xctest */,
			);
			name = Products;
			sourceTree = "<group>";
		};
		241E595B27F7D07D003F87D5 /* moodtracker */ = {
			isa = PBXGroup;
			children = (
				241E595C27F7D07D003F87D5 /* moodtrackerApp.swift */,
				240B67F22807668F00837DE4 /* homeScreen.swift */,
				240B67F628076A8600837DE4 /* inputMoodView.swift */,
				9081D55128178B0D0097B441 /* one.swift */,
				51692419281F3E6600A68FB8 /* two.swift */,
				9081D54B2817483C0097B441 /* middle.swift */,
				9081D54D28174E260097B441 /* four.swift */,
				5169241B281F3E7400A68FB8 /* five.swift */,
				240B67F828076AAD00837DE4 /* moodLogView.swift */,
				240B67FA28076AC600837DE4 /* settingsView.swift */,
				240B67F428076A6A00837DE4 /* moodRecord.swift */,
				241E595E27F7D07D003F87D5 /* ContentView.swift */,
				241E596027F7D089003F87D5 /* Assets.xcassets */,
				241E596227F7D089003F87D5 /* Preview Content */,
			);
			path = moodtracker;
			sourceTree = "<group>";
		};
		241E596227F7D089003F87D5 /* Preview Content */ = {
			isa = PBXGroup;
			children = (
				241E596327F7D089003F87D5 /* Preview Assets.xcassets */,
			);
			path = "Preview Content";
			sourceTree = "<group>";
		};
		241E596C27F7D089003F87D5 /* moodtrackerTests */ = {
			isa = PBXGroup;
			children = (
				241E596D27F7D089003F87D5 /* moodtrackerTests.swift */,
			);
			path = moodtrackerTests;
			sourceTree = "<group>";
		};
		241E597627F7D089003F87D5 /* moodtrackerUITests */ = {
			isa = PBXGroup;
			children = (
				241E597727F7D089003F87D5 /* moodtrackerUITests.swift */,
				241E597927F7D089003F87D5 /* moodtrackerUITestsLaunchTests.swift */,
			);
			path = moodtrackerUITests;
			sourceTree = "<group>";
		};
/* End PBXGroup section */

/* Begin PBXNativeTarget section */
		241E595827F7D07D003F87D5 /* moodtracker */ = {
			isa = PBXNativeTarget;
			buildConfigurationList = 241E597D27F7D089003F87D5 /* Build configuration list for PBXNativeTarget "moodtracker" */;
			buildPhases = (
				241E595527F7D07D003F87D5 /* Sources */,
				241E595627F7D07D003F87D5 /* Frameworks */,
				241E595727F7D07D003F87D5 /* Resources */,
			);
			buildRules = (
			);
			dependencies = (
			);
			name = moodtracker;
			productName = moodtracker;
			productReference = 241E595927F7D07D003F87D5 /* moodtracker.app */;
			productType = "com.apple.product-type.application";
		};
		241E596827F7D089003F87D5 /* moodtrackerTests */ = {
			isa = PBXNativeTarget;
			buildConfigurationList = 241E598027F7D089003F87D5 /* Build configuration list for PBXNativeTarget "moodtrackerTests" */;
			buildPhases = (
				241E596527F7D089003F87D5 /* Sources */,
				241E596627F7D089003F87D5 /* Frameworks */,
				241E596727F7D089003F87D5 /* Resources */,
			);
			buildRules = (
			);
			dependencies = (
				241E596B27F7D089003F87D5 /* PBXTargetDependency */,
			);
			name = moodtrackerTests;
			productName = moodtrackerTests;
			productReference = 241E596927F7D089003F87D5 /* moodtrackerTests.xctest */;
			productType = "com.apple.product-type.bundle.unit-test";
		};
		241E597227F7D089003F87D5 /* moodtrackerUITests */ = {
			isa = PBXNativeTarget;
			buildConfigurationList = 241E598327F7D089003F87D5 /* Build configuration list for PBXNativeTarget "moodtrackerUITests" */;
			buildPhases = (
				241E596F27F7D089003F87D5 /* Sources */,
				241E597027F7D089003F87D5 /* Frameworks */,
				241E597127F7D089003F87D5 /* Resources */,
			);
			buildRules = (
			);
			dependencies = (
				241E597527F7D089003F87D5 /* PBXTargetDependency */,
			);
			name = moodtrackerUITests;
			productName = moodtrackerUITests;
			productReference = 241E597327F7D089003F87D5 /* moodtrackerUITests.xctest */;
			productType = "com.apple.product-type.bundle.ui-testing";
		};
/* End PBXNativeTarget section */

/* Begin PBXProject section */
		241E595127F7D07D003F87D5 /* Project object */ = {
			isa = PBXProject;
			attributes = {
				BuildIndependentTargetsInParallel = 1;
				LastSwiftUpdateCheck = 1330;
				LastUpgradeCheck = 1330;
				TargetAttributes = {
					241E595827F7D07D003F87D5 = {
						CreatedOnToolsVersion = 13.3;
					};
					241E596827F7D089003F87D5 = {
						CreatedOnToolsVersion = 13.3;
						TestTargetID = 241E595827F7D07D003F87D5;
					};
					241E597227F7D089003F87D5 = {
						CreatedOnToolsVersion = 13.3;
						TestTargetID = 241E595827F7D07D003F87D5;
					};
				};
			};
			buildConfigurationList = 241E595427F7D07D003F87D5 /* Build configuration list for PBXProject "moodtracker" */;
			compatibilityVersion = "Xcode 13.0";
			developmentRegion = en;
			hasScannedForEncodings = 0;
			knownRegions = (
				en,
				Base,
			);
			mainGroup = 241E595027F7D07D003F87D5;
			productRefGroup = 241E595A27F7D07D003F87D5 /* Products */;
			projectDirPath = "";
			projectRoot = "";
			targets = (
				241E595827F7D07D003F87D5 /* moodtracker */,
				241E596827F7D089003F87D5 /* moodtrackerTests */,
				241E597227F7D089003F87D5 /* moodtrackerUITests */,
			);
		};
/* End PBXProject section */

/* Begin PBXResourcesBuildPhase section */
		241E595727F7D07D003F87D5 /* Resources */ = {
			isa = PBXResourcesBuildPhase;
			buildActionMask = 2147483647;
			files = (
				241E596427F7D089003F87D5 /* Preview Assets.xcassets in Resources */,
				241E596127F7D089003F87D5 /* Assets.xcassets in Resources */,
			);
			runOnlyForDeploymentPostprocessing = 0;
		};
		241E596727F7D089003F87D5 /* Resources */ = {
			isa = PBXResourcesBuildPhase;
			buildActionMask = 2147483647;
			files = (
			);
			runOnlyForDeploymentPostprocessing = 0;
		};
		241E597127F7D089003F87D5 /* Resources */ = {
			isa = PBXResourcesBuildPhase;
			buildActionMask = 2147483647;
			files = (
			);
			runOnlyForDeploymentPostprocessing = 0;
		};
/* End PBXResourcesBuildPhase section */

/* Begin PBXSourcesBuildPhase section */
		241E595527F7D07D003F87D5 /* Sources */ = {
			isa = PBXSourcesBuildPhase;
			buildActionMask = 2147483647;
			files = (
				240B67F32807668F00837DE4 /* homeScreen.swift in Sources */,
				240B67F528076A6A00837DE4 /* moodRecord.swift in Sources */,
				240B67FB28076AC600837DE4 /* settingsView.swift in Sources */,
				5169241C281F3E7400A68FB8 /* five.swift in Sources */,
				240B67F928076AAD00837DE4 /* moodLogView.swift in Sources */,
				9081D55228178B0D0097B441 /* one.swift in Sources */,
				240B67F728076A8600837DE4 /* inputMoodView.swift in Sources */,
				241E595F27F7D07D003F87D5 /* ContentView.swift in Sources */,
				9081D54C2817483C0097B441 /* middle.swift in Sources */,
				9081D54E28174E260097B441 /* four.swift in Sources */,
				241E595D27F7D07D003F87D5 /* moodtrackerApp.swift in Sources */,
				5169241A281F3E6600A68FB8 /* two.swift in Sources */,
			);
			runOnlyForDeploymentPostprocessing = 0;
		};
		241E596527F7D089003F87D5 /* Sources */ = {
			isa = PBXSourcesBuildPhase;
			buildActionMask = 2147483647;
			files = (
				241E596E27F7D089003F87D5 /* moodtrackerTests.swift in Sources */,
			);
			runOnlyForDeploymentPostprocessing = 0;
		};
		241E596F27F7D089003F87D5 /* Sources */ = {
			isa = PBXSourcesBuildPhase;
			buildActionMask = 2147483647;
			files = (
				241E597A27F7D089003F87D5 /* moodtrackerUITestsLaunchTests.swift in Sources */,
				241E597827F7D089003F87D5 /* moodtrackerUITests.swift in Sources */,
			);
			runOnlyForDeploymentPostprocessing = 0;
		};
/* End PBXSourcesBuildPhase section */

/* Begin PBXTargetDependency section */
		241E596B27F7D089003F87D5 /* PBXTargetDependency */ = {
			isa = PBXTargetDependency;
			target = 241E595827F7D07D003F87D5 /* moodtracker */;
			targetProxy = 241E596A27F7D089003F87D5 /* PBXContainerItemProxy */;
		};
		241E597527F7D089003F87D5 /* PBXTargetDependency */ = {
			isa = PBXTargetDependency;
			target = 241E595827F7D07D003F87D5 /* moodtracker */;
			targetProxy = 241E597427F7D089003F87D5 /* PBXContainerItemProxy */;
		};
/* End PBXTargetDependency section */

/* Begin XCBuildConfiguration section */
		241E597B27F7D089003F87D5 /* Debug */ = {
			isa = XCBuildConfiguration;
			buildSettings = {
				ALWAYS_SEARCH_USER_PATHS = NO;
				CLANG_ANALYZER_NONNULL = YES;
				CLANG_ANALYZER_NUMBER_OBJECT_CONVERSION = YES_AGGRESSIVE;
				CLANG_CXX_LANGUAGE_STANDARD = "gnu++17";
				CLANG_ENABLE_MODULES = YES;
				CLANG_ENABLE_OBJC_ARC = YES;
				CLANG_ENABLE_OBJC_WEAK = YES;
				CLANG_WARN_BLOCK_CAPTURE_AUTORELEASING = YES;
				CLANG_WARN_BOOL_CONVERSION = YES;
				CLANG_WARN_COMMA = YES;
				CLANG_WARN_CONSTANT_CONVERSION = YES;
				CLANG_WARN_DEPRECATED_OBJC_IMPLEMENTATIONS = YES;
				CLANG_WARN_DIRECT_OBJC_ISA_USAGE = YES_ERROR;
				CLANG_WARN_DOCUMENTATION_COMMENTS = YES;
				CLANG_WARN_EMPTY_BODY = YES;
				CLANG_WARN_ENUM_CONVERSION = YES;
				CLANG_WARN_INFINITE_RECURSION = YES;
				CLANG_WARN_INT_CONVERSION = YES;
				CLANG_WARN_NON_LITERAL_NULL_CONVERSION = YES;
				CLANG_WARN_OBJC_IMPLICIT_RETAIN_SELF = YES;
				CLANG_WARN_OBJC_LITERAL_CONVERSION = YES;
				CLANG_WARN_OBJC_ROOT_CLASS = YES_ERROR;
				CLANG_WARN_QUOTED_INCLUDE_IN_FRAMEWORK_HEADER = YES;
				CLANG_WARN_RANGE_LOOP_ANALYSIS = YES;
				CLANG_WARN_STRICT_PROTOTYPES = YES;
				CLANG_WARN_SUSPICIOUS_MOVE = YES;
				CLANG_WARN_UNGUARDED_AVAILABILITY = YES_AGGRESSIVE;
				CLANG_WARN_UNREACHABLE_CODE = YES;
				CLANG_WARN__DUPLICATE_METHOD_MATCH = YES;
				COPY_PHASE_STRIP = NO;
				DEBUG_INFORMATION_FORMAT = dwarf;
				ENABLE_STRICT_OBJC_MSGSEND = YES;
				ENABLE_TESTABILITY = YES;
				GCC_C_LANGUAGE_STANDARD = gnu11;
				GCC_DYNAMIC_NO_PIC = NO;
				GCC_NO_COMMON_BLOCKS = YES;
				GCC_OPTIMIZATION_LEVEL = 0;
				GCC_PREPROCESSOR_DEFINITIONS = (
					"DEBUG=1",
					"$(inherited)",
				);
				GCC_WARN_64_TO_32_BIT_CONVERSION = YES;
				GCC_WARN_ABOUT_RETURN_TYPE = YES_ERROR;
				GCC_WARN_UNDECLARED_SELECTOR = YES;
				GCC_WARN_UNINITIALIZED_AUTOS = YES_AGGRESSIVE;
				GCC_WARN_UNUSED_FUNCTION = YES;
				GCC_WARN_UNUSED_VARIABLE = YES;
				IPHONEOS_DEPLOYMENT_TARGET = 15.4;
				MTL_ENABLE_DEBUG_INFO = INCLUDE_SOURCE;
				MTL_FAST_MATH = YES;
				ONLY_ACTIVE_ARCH = YES;
				SDKROOT = iphoneos;
				SWIFT_ACTIVE_COMPILATION_CONDITIONS = DEBUG;
				SWIFT_OPTIMIZATION_LEVEL = "-Onone";
			};
			name = Debug;
		};
		241E597C27F7D089003F87D5 /* Release */ = {
			isa = XCBuildConfiguration;
			buildSettings = {
				ALWAYS_SEARCH_USER_PATHS = NO;
				CLANG_ANALYZER_NONNULL = YES;
				CLANG_ANALYZER_NUMBER_OBJECT_CONVERSION = YES_AGGRESSIVE;
				CLANG_CXX_LANGUAGE_STANDARD = "gnu++17";
				CLANG_ENABLE_MODULES = YES;
				CLANG_ENABLE_OBJC_ARC = YES;
				CLANG_ENABLE_OBJC_WEAK = YES;
				CLANG_WARN_BLOCK_CAPTURE_AUTORELEASING = YES;
				CLANG_WARN_BOOL_CONVERSION = YES;
				CLANG_WARN_COMMA = YES;
				CLANG_WARN_CONSTANT_CONVERSION = YES;
				CLANG_WARN_DEPRECATED_OBJC_IMPLEMENTATIONS = YES;
				CLANG_WARN_DIRECT_OBJC_ISA_USAGE = YES_ERROR;
				CLANG_WARN_DOCUMENTATION_COMMENTS = YES;
				CLANG_WARN_EMPTY_BODY = YES;
				CLANG_WARN_ENUM_CONVERSION = YES;
				CLANG_WARN_INFINITE_RECURSION = YES;
				CLANG_WARN_INT_CONVERSION = YES;
				CLANG_WARN_NON_LITERAL_NULL_CONVERSION = YES;
				CLANG_WARN_OBJC_IMPLICIT_RETAIN_SELF = YES;
				CLANG_WARN_OBJC_LITERAL_CONVERSION = YES;
				CLANG_WARN_OBJC_ROOT_CLASS = YES_ERROR;
				CLANG_WARN_QUOTED_INCLUDE_IN_FRAMEWORK_HEADER = YES;
				CLANG_WARN_RANGE_LOOP_ANALYSIS = YES;
				CLANG_WARN_STRICT_PROTOTYPES = YES;
				CLANG_WARN_SUSPICIOUS_MOVE = YES;
				CLANG_WARN_UNGUARDED_AVAILABILITY = YES_AGGRESSIVE;
				CLANG_WARN_UNREACHABLE_CODE = YES;
				CLANG_WARN__DUPLICATE_METHOD_MATCH = YES;
				COPY_PHASE_STRIP = NO;
				DEBUG_INFORMATION_FORMAT = "dwarf-with-dsym";
				ENABLE_NS_ASSERTIONS = NO;
				ENABLE_STRICT_OBJC_MSGSEND = YES;
				GCC_C_LANGUAGE_STANDARD = gnu11;
				GCC_NO_COMMON_BLOCKS = YES;
				GCC_WARN_64_TO_32_BIT_CONVERSION = YES;
				GCC_WARN_ABOUT_RETURN_TYPE = YES_ERROR;
				GCC_WARN_UNDECLARED_SELECTOR = YES;
				GCC_WARN_UNINITIALIZED_AUTOS = YES_AGGRESSIVE;
				GCC_WARN_UNUSED_FUNCTION = YES;
				GCC_WARN_UNUSED_VARIABLE = YES;
				IPHONEOS_DEPLOYMENT_TARGET = 15.4;
				MTL_ENABLE_DEBUG_INFO = NO;
				MTL_FAST_MATH = YES;
				SDKROOT = iphoneos;
				SWIFT_COMPILATION_MODE = wholemodule;
				SWIFT_OPTIMIZATION_LEVEL = "-O";
				VALIDATE_PRODUCT = YES;
			};
			name = Release;
		};
		241E597E27F7D089003F87D5 /* Debug */ = {
			isa = XCBuildConfiguration;
			buildSettings = {
				ASSETCATALOG_COMPILER_APPICON_NAME = AppIcon;
				ASSETCATALOG_COMPILER_GLOBAL_ACCENT_COLOR_NAME = AccentColor;
				CODE_SIGN_STYLE = Automatic;
				CURRENT_PROJECT_VERSION = 1;
				DEVELOPMENT_ASSET_PATHS = "\"moodtracker/Preview Content\"";
				ENABLE_PREVIEWS = YES;
				GENERATE_INFOPLIST_FILE = YES;
				INFOPLIST_KEY_UIApplicationSceneManifest_Generation = YES;
				INFOPLIST_KEY_UIApplicationSupportsIndirectInputEvents = YES;
				INFOPLIST_KEY_UILaunchScreen_Generation = YES;
				INFOPLIST_KEY_UISupportedInterfaceOrientations_iPad = "UIInterfaceOrientationPortrait UIInterfaceOrientationPortraitUpsideDown UIInterfaceOrientationLandscapeLeft UIInterfaceOrientationLandscapeRight";
				INFOPLIST_KEY_UISupportedInterfaceOrientations_iPhone = "UIInterfaceOrientationPortrait UIInterfaceOrientationLandscapeLeft UIInterfaceOrientationLandscapeRight";
				IPHONEOS_DEPLOYMENT_TARGET = 15.0;
				LD_RUNPATH_SEARCH_PATHS = (
					"$(inherited)",
					"@executable_path/Frameworks",
				);
				MARKETING_VERSION = 1.0;
				PRODUCT_BUNDLE_IDENTIFIER = ame.moodtracker;
				PRODUCT_NAME = "$(TARGET_NAME)";
				SWIFT_EMIT_LOC_STRINGS = YES;
				SWIFT_VERSION = 5.0;
				TARGETED_DEVICE_FAMILY = "1,2";
			};
			name = Debug;
		};
		241E597F27F7D089003F87D5 /* Release */ = {
			isa = XCBuildConfiguration;
			buildSettings = {
				ASSETCATALOG_COMPILER_APPICON_NAME = AppIcon;
				ASSETCATALOG_COMPILER_GLOBAL_ACCENT_COLOR_NAME = AccentColor;
				CODE_SIGN_STYLE = Automatic;
				CURRENT_PROJECT_VERSION = 1;
				DEVELOPMENT_ASSET_PATHS = "\"moodtracker/Preview Content\"";
				ENABLE_PREVIEWS = YES;
				GENERATE_INFOPLIST_FILE = YES;
				INFOPLIST_KEY_UIApplicationSceneManifest_Generation = YES;
				INFOPLIST_KEY_UIApplicationSupportsIndirectInputEvents = YES;
				INFOPLIST_KEY_UILaunchScreen_Generation = YES;
				INFOPLIST_KEY_UISupportedInterfaceOrientations_iPad = "UIInterfaceOrientationPortrait UIInterfaceOrientationPortraitUpsideDown UIInterfaceOrientationLandscapeLeft UIInterfaceOrientationLandscapeRight";
				INFOPLIST_KEY_UISupportedInterfaceOrientations_iPhone = "UIInterfaceOrientationPortrait UIInterfaceOrientationLandscapeLeft UIInterfaceOrientationLandscapeRight";
				IPHONEOS_DEPLOYMENT_TARGET = 15.0;
				LD_RUNPATH_SEARCH_PATHS = (
					"$(inherited)",
					"@executable_path/Frameworks",
				);
				MARKETING_VERSION = 1.0;
				PRODUCT_BUNDLE_IDENTIFIER = ame.moodtracker;
				PRODUCT_NAME = "$(TARGET_NAME)";
				SWIFT_EMIT_LOC_STRINGS = YES;
				SWIFT_VERSION = 5.0;
				TARGETED_DEVICE_FAMILY = "1,2";
			};
			name = Release;
		};
		241E598127F7D089003F87D5 /* Debug */ = {
			isa = XCBuildConfiguration;
			buildSettings = {
				ALWAYS_EMBED_SWIFT_STANDARD_LIBRARIES = YES;
				BUNDLE_LOADER = "$(TEST_HOST)";
				CODE_SIGN_STYLE = Automatic;
				CURRENT_PROJECT_VERSION = 1;
				GENERATE_INFOPLIST_FILE = YES;
				IPHONEOS_DEPLOYMENT_TARGET = 15.4;
				MARKETING_VERSION = 1.0;
				PRODUCT_BUNDLE_IDENTIFIER = ame.moodtrackerTests;
				PRODUCT_NAME = "$(TARGET_NAME)";
				SWIFT_EMIT_LOC_STRINGS = NO;
				SWIFT_VERSION = 5.0;
				TARGETED_DEVICE_FAMILY = "1,2";
				TEST_HOST = "$(BUILT_PRODUCTS_DIR)/moodtracker.app/moodtracker";
			};
			name = Debug;
		};
		241E598227F7D089003F87D5 /* Release */ = {
			isa = XCBuildConfiguration;
			buildSettings = {
				ALWAYS_EMBED_SWIFT_STANDARD_LIBRARIES = YES;
				BUNDLE_LOADER = "$(TEST_HOST)";
				CODE_SIGN_STYLE = Automatic;
				CURRENT_PROJECT_VERSION = 1;
				GENERATE_INFOPLIST_FILE = YES;
				IPHONEOS_DEPLOYMENT_TARGET = 15.4;
				MARKETING_VERSION = 1.0;
				PRODUCT_BUNDLE_IDENTIFIER = ame.moodtrackerTests;
				PRODUCT_NAME = "$(TARGET_NAME)";
				SWIFT_EMIT_LOC_STRINGS = NO;
				SWIFT_VERSION = 5.0;
				TARGETED_DEVICE_FAMILY = "1,2";
				TEST_HOST = "$(BUILT_PRODUCTS_DIR)/moodtracker.app/moodtracker";
			};
			name = Release;
		};
		241E598427F7D089003F87D5 /* Debug */ = {
			isa = XCBuildConfiguration;
			buildSettings = {
				ALWAYS_EMBED_SWIFT_STANDARD_LIBRARIES = YES;
				CODE_SIGN_STYLE = Automatic;
				CURRENT_PROJECT_VERSION = 1;
				GENERATE_INFOPLIST_FILE = YES;
				MARKETING_VERSION = 1.0;
				PRODUCT_BUNDLE_IDENTIFIER = ame.moodtrackerUITests;
				PRODUCT_NAME = "$(TARGET_NAME)";
				SWIFT_EMIT_LOC_STRINGS = NO;
				SWIFT_VERSION = 5.0;
				TARGETED_DEVICE_FAMILY = "1,2";
				TEST_TARGET_NAME = moodtracker;
			};
			name = Debug;
		};
		241E598527F7D089003F87D5 /* Release */ = {
			isa = XCBuildConfiguration;
			buildSettings = {
				ALWAYS_EMBED_SWIFT_STANDARD_LIBRARIES = YES;
				CODE_SIGN_STYLE = Automatic;
				CURRENT_PROJECT_VERSION = 1;
				GENERATE_INFOPLIST_FILE = YES;
				MARKETING_VERSION = 1.0;
				PRODUCT_BUNDLE_IDENTIFIER = ame.moodtrackerUITests;
				PRODUCT_NAME = "$(TARGET_NAME)";
				SWIFT_EMIT_LOC_STRINGS = NO;
				SWIFT_VERSION = 5.0;
				TARGETED_DEVICE_FAMILY = "1,2";
				TEST_TARGET_NAME = moodtracker;
			};
			name = Release;
		};
/* End XCBuildConfiguration section */

/* Begin XCConfigurationList section */
		241E595427F7D07D003F87D5 /* Build configuration list for PBXProject "moodtracker" */ = {
			isa = XCConfigurationList;
			buildConfigurations = (
				241E597B27F7D089003F87D5 /* Debug */,
				241E597C27F7D089003F87D5 /* Release */,
			);
			defaultConfigurationIsVisible = 0;
			defaultConfigurationName = Release;
		};
		241E597D27F7D089003F87D5 /* Build configuration list for PBXNativeTarget "moodtracker" */ = {
			isa = XCConfigurationList;
			buildConfigurations = (
				241E597E27F7D089003F87D5 /* Debug */,
				241E597F27F7D089003F87D5 /* Release */,
			);
			defaultConfigurationIsVisible = 0;
			defaultConfigurationName = Release;
		};
		241E598027F7D089003F87D5 /* Build configuration list for PBXNativeTarget "moodtrackerTests" */ = {
			isa = XCConfigurationList;
			buildConfigurations = (
				241E598127F7D089003F87D5 /* Debug */,
				241E598227F7D089003F87D5 /* Release */,
			);
			defaultConfigurationIsVisible = 0;
			defaultConfigurationName = Release;
		};
		241E598327F7D089003F87D5 /* Build configuration list for PBXNativeTarget "moodtrackerUITests" */ = {
			isa = XCConfigurationList;
			buildConfigurations = (
				241E598427F7D089003F87D5 /* Debug */,
				241E598527F7D089003F87D5 /* Release */,
			);
			defaultConfigurationIsVisible = 0;
			defaultConfigurationName = Release;
		};
/* End XCConfigurationList section */
	};
	rootObject = 241E595127F7D07D003F87D5 /* Project object */;
}
